
Microsoft Visual Studio Solution File, Format Version 12.00
# Visual Studio Version 17
VisualStudioVersion = 17.13.35919.96 d17.13
MinimumVisualStudioVersion = 10.0.40219.1
Project("{FAE04EC0-301F-11D3-BF4B-00C04F79EFBC}") = "Biblioteka.Data", "Biblioteka.Data\Biblioteka.Data.csproj", "{FADE3BC1-A609-4B9F-AC00-5ECE6A74515B}"
EndProject
Global
	GlobalSection(SolutionConfigurationPlatforms) = preSolution
		Debug|Any CPU = Debug|Any CPU
		Release|Any CPU = Release|Any CPU
	EndGlobalSection
	GlobalSection(ProjectConfigurationPlatforms) = postSolution
		{FADE3BC1-A609-4B9F-AC00-5ECE6A74515B}.Debug|Any CPU.ActiveCfg = Debug|Any CPU
		{FADE3BC1-A609-4B9F-AC00-5ECE6A74515B}.Debug|Any CPU.Build.0 = Debug|Any CPU
		{FADE3BC1-A609-4B9F-AC00-5ECE6A74515B}.Release|Any CPU.ActiveCfg = Release|Any CPU
		{FADE3BC1-A609-4B9F-AC00-5ECE6A74515B}.Release|Any CPU.Build.0 = Release|Any CPU
	EndGlobalSection
	GlobalSection(SolutionProperties) = preSolution
		HideSolutionNode = FALSE
	EndGlobalSection
	GlobalSection(ExtensibilityGlobals) = postSolution
		SolutionGuid = {E0FF4644-EEF8-4A21-8FEA-E7897A0881D9}
	EndGlobalSection
EndGlobal
